
Microsoft Visual Studio Solution File, Format Version 12.00
# Visual Studio Version 16
VisualStudioVersion = 16.0.32106.194
MinimumVisualStudioVersion = 10.0.40219.1
Project("{FAE04EC0-301F-11D3-BF4B-00C04F79EFBC}") = "HomeWork4.2", "HomeWork4.2\HomeWork4.2.csproj", "{7B375A47-5135-429C-AF3F-ACDCA66C0602}"
EndProject
Global
	GlobalSection(SolutionConfigurationPlatforms) = preSolution
		Debug|Any CPU = Debug|Any CPU
		Release|Any CPU = Release|Any CPU
	EndGlobalSection
	GlobalSection(ProjectConfigurationPlatforms) = postSolution
		{7B375A47-5135-429C-AF3F-ACDCA66C0602}.Debug|Any CPU.ActiveCfg = Debug|Any CPU
		{7B375A47-5135-429C-AF3F-ACDCA66C0602}.Debug|Any CPU.Build.0 = Debug|Any CPU
		{7B375A47-5135-429C-AF3F-ACDCA66C0602}.Release|Any CPU.ActiveCfg = Release|Any CPU
		{7B375A47-5135-429C-AF3F-ACDCA66C0602}.Release|Any CPU.Build.0 = Release|Any CPU
	EndGlobalSection
	GlobalSection(SolutionProperties) = preSolution
		HideSolutionNode = FALSE
	EndGlobalSection
	GlobalSection(ExtensibilityGlobals) = postSolution
		SolutionGuid = {80AF2BD6-E0D3-4154-97B2-988669265BA9}
	EndGlobalSection
EndGlobal
